github.com/alecthomas/assert/v2 v2.11.0 h1:2Q9r3ki8+JYXvGsDyBXwH3LcJ+WK5D0gc5E8vS6K3D0=
github.com/alecthomas/assert/v2 v2.11.0/go.mod h1:Bze95FyfUr7x34QZrjL+XP+0qgp/zg8yS+TtBj1WA3k=
github.com/alecthomas/kong v1.13.0 h1:5e/7XC3ugvhP1DQBmTS+WuHtCbcv44hsohMgcvVxSrA=
github.com/alecthomas/kong v1.13.0/go.mod h1:wrlbXem1CWqUV5Vbmss5ISYhsVPkBb1Yo7YKJghju2I=
github.com/alecthomas/repr v0.5.2 h1:SU73FTI9D1P5UNtvseffFSGmdNci/O6RsqzeXJtP0Qs=
github.com/alecthomas/repr v0.5.2/go.mod h1:Fr0507jx4eOXV7AlPV6AVZLYrLIuIeSOWtW57eE/O/4=
github.com/goccy/go-yaml v1.19.2 h1:PmFC1S6h8ljIz6gMRBopkjP1TVT7xuwrButHID66PoM=
github.com/goccy/go-yaml v1.19.2/go.mod h1:XBurs7gK8ATbW4ZPGKgcbrY1Br56PdM69F7LkFRi1kA=
github.com/google/go-cmp v0.6.0/go.mod h1:17dUlkBOakJ0+DkrSSNjCkIjxS6bF9zb3elmeNGIjoY=
github.com/google/go-cmp v0.7.0 h1:wk8382ETsv4JYUZwIsn6YpYiWiBsYLSJiTsyBybVuN8=
github.com/google/go-cmp v0.7.0/go.mod h1:pXiqmnSA92OHEEa9HXL2W4E7lf9JzCmGVUdgjX3N/iU=
github.com/google/go-github/v73 v73.0.0 h1:aR+Utnh+Y4mMkS+2qLQwcQ/cF9mOTpdwnzlaw//rG24=
github.com/google/go-github/v73 v73.0.0/go.mod h1:fa6w8+/V+edSU0muqdhCVY7Beh1M8F1IlQPZIANKIYw=
github.com/google/go-github/v82 v82.0.0 h1:OH09ESON2QwKCUVMYmMcVu1IFKFoaZHwqYaUtr/MVfk=
github.com/google/go-github/v82 v82.0.0/go.mod h1:hQ6Xo0VKfL8RZ7z1hSfB4fvISg0QqHOqe9BP0qo+WvM=
github.com/google/go-querystring v1.2.0 h1:yhqkPbu2/OH+V9BfpCVPZkNmUXhb2gBxJArfhIxNtP0=
github.com/google/go-querystring v1.2.0/go.mod h1:8IFJqpSRITyJ8QhQ13bmbeMBDfmeEJZD5A0egEOmkqU=
github.com/gorilla/mux v1.8.1 h1:TuBL49tXwgrFYWhqrNgrUNEY92u81SPhu7sTdzQEiWY=
github.com/gorilla/mux v1.8.1/go.mod h1:AKf9I4AEqPTmMytcMc0KkNouC66V3BtZ4qD5fmWSiMQ=
github.com/gosimple/slug v1.15.0 h1:wRZHsRrRcs6b0XnxMUBM6WK1U1Vg5B0R7VkIf1Xzobo=
github.com/gosimple/slug v1.15.0/go.mod h1:UiRaFH+GEilHstLUmcBgWcI42viBN7mAb818JrYOeFQ=
github.com/gosimple/unidecode v1.0.1 h1:hZzFTMMqSswvf0LBJZCZgThIZrpDHFXux9KeGmn6T/o=
github.com/gosimple/unidecode v1.0.1/go.mod h1:CP0Cr1Y1kogOtx0bJblKzsVWrqYaqfNOnHzpgWw4Awc=
github.com/hexops/gotextdiff v1.0.3 h1:gitA9+qJrrTCsiCl7+kh75nPqQt1cx4ZkudSTLoUqJM=
github.com/hexops/gotextdiff v1.0.3/go.mod h1:pSWU5MAI3yDq+fZBTazCSJysOMbxWL1BSow5/V2vxeg=
github.com/migueleliasweb/go-github-mock v1.5.0 h1:dIr6vgVz8QY9sDiDopWxk6pDw4d7K/xIcCk/NQe4ajM=
github.com/migueleliasweb/go-github-mock v1.5.0/go.mod h1:/DUmhXkxrgVlDOVBqGoUXkV4w0ms5n1jDQHotYm135o=
golang.org/x/time v0.11.0 h1:/bpjEDfN9tkoN/ryeYHnv5hcMlc8ncjMcM4XBk5NWV0=
golang.org/x/time v0.11.0/go.mod h1:CDIdPxbZBQxdj6cxyCIdrNogrJKMJ7pr37NYpMcMDSg=
